
Microsoft Visual Studio Solution File, Format Version 12.00
# Visual Studio Version 17
VisualStudioVersion = 17.9.34728.123
MinimumVisualStudioVersion = 10.0.40219.1
Project("{FAE04EC0-301F-11D3-BF4B-00C04F79EFBC}") = "MonitoringApp", "MonitoringApp\MonitoringApp.csproj", "{CAD11C5C-9DFA-4E19-A863-6E486971D8BC}"
EndProject
Global
	GlobalSection(SolutionConfigurationPlatforms) = preSolution
		Debug|Any CPU = Debug|Any CPU
		Release|Any CPU = Release|Any CPU
	EndGlobalSection
	GlobalSection(ProjectConfigurationPlatforms) = postSolution
		{CAD11C5C-9DFA-4E19-A863-6E486971D8BC}.Debug|Any CPU.ActiveCfg = Debug|Any CPU
		{CAD11C5C-9DFA-4E19-A863-6E486971D8BC}.Debug|Any CPU.Build.0 = Debug|Any CPU
		{CAD11C5C-9DFA-4E19-A863-6E486971D8BC}.Release|Any CPU.ActiveCfg = Release|Any CPU
		{CAD11C5C-9DFA-4E19-A863-6E486971D8BC}.Release|Any CPU.Build.0 = Release|Any CPU
	EndGlobalSection
	GlobalSection(SolutionProperties) = preSolution
		HideSolutionNode = FALSE
	EndGlobalSection
	GlobalSection(ExtensibilityGlobals) = postSolution
		SolutionGuid = {4B5FAF5D-EC5A-42BD-A2F6-418AA5ED4AEB}
	EndGlobalSection
EndGlobal
